// !$*UTF8*$!
{
	archiveVersion = 1;
	classes = {
	};
	objectVersion = 46;
	objects = {

/* Begin PBXBuildFile section */
		DE339A731D745A41004E7932 /* Add.pdf in Resources */ = {isa = PBXBuildFile; fileRef = DE339A721D745A41004E7932 /* Add.pdf */; };
		DE692D1F1D71AA540070B45E /* Memolist.xcdatamodeld in Sources */ = {isa = PBXBuildFile; fileRef = DE692D1D1D71AA540070B45E /* Memolist.xcdatamodeld */; };
		DE692D211D71AA540070B45E /* Assets.xcassets in Resources */ = {isa = PBXBuildFile; fileRef = DE692D201D71AA540070B45E /* Assets.xcassets */; };
		DE692D241D71AA540070B45E /* LaunchScreen.storyboard in Resources */ = {isa = PBXBuildFile; fileRef = DE692D221D71AA540070B45E /* LaunchScreen.storyboard */; };
		DE692D2F1D71AA540070B45E /* MemolistTests.swift in Sources */ = {isa = PBXBuildFile; fileRef = DE692D2E1D71AA540070B45E /* MemolistTests.swift */; };
		DE692D3A1D71AA540070B45E /* MemolistUITests.swift in Sources */ = {isa = PBXBuildFile; fileRef = DE692D391D71AA540070B45E /* MemolistUITests.swift */; };
		DE692D561D71ACBA0070B45E /* AppDelegate.swift in Sources */ = {isa = PBXBuildFile; fileRef = DE692D541D71ACBA0070B45E /* AppDelegate.swift */; };
		DE692D571D71ACBA0070B45E /* ViewController.swift in Sources */ = {isa = PBXBuildFile; fileRef = DE692D551D71ACBA0070B45E /* ViewController.swift */; };
		DE692D5B1D71AD180070B45E /* AllPageEditorViewController.swift in Sources */ = {isa = PBXBuildFile; fileRef = DE692D581D71AD180070B45E /* AllPageEditorViewController.swift */; };
		DE692D5C1D71AD180070B45E /* ColorSelectorViewController.swift in Sources */ = {isa = PBXBuildFile; fileRef = DE692D591D71AD180070B45E /* ColorSelectorViewController.swift */; };
		DE692D5D1D71AD180070B45E /* PageEditorViewController.swift in Sources */ = {isa = PBXBuildFile; fileRef = DE692D5A1D71AD180070B45E /* PageEditorViewController.swift */; };
		DE692D621D71AD950070B45E /* EditorViewController.swift in Sources */ = {isa = PBXBuildFile; fileRef = DE692D5E1D71AD950070B45E /* EditorViewController.swift */; };
		DE692D631D71AD950070B45E /* ItemColorSelectorViewController.swift in Sources */ = {isa = PBXBuildFile; fileRef = DE692D5F1D71AD950070B45E /* ItemColorSelectorViewController.swift */; };
		DE692D641D71AD950070B45E /* WidgetEditorViewController.swift in Sources */ = {isa = PBXBuildFile; fileRef = DE692D601D71AD950070B45E /* WidgetEditorViewController.swift */; };
		DE692D651D71AD950070B45E /* WidgetSelectorViewController.swift in Sources */ = {isa = PBXBuildFile; fileRef = DE692D611D71AD950070B45E /* WidgetSelectorViewController.swift */; };
		DE692D6C1D71ADFB0070B45E /* ListItem.swift in Sources */ = {isa = PBXBuildFile; fileRef = DE692D671D71ADFB0070B45E /* ListItem.swift */; };
		DE692D6D1D71ADFB0070B45E /* ListTableViewCell.swift in Sources */ = {isa = PBXBuildFile; fileRef = DE692D681D71ADFB0070B45E /* ListTableViewCell.swift */; };
		DE692D6E1D71ADFB0070B45E /* ListTableViewCell.xib in Resources */ = {isa = PBXBuildFile; fileRef = DE692D691D71ADFB0070B45E /* ListTableViewCell.xib */; };
		DE692D6F1D71ADFB0070B45E /* ListTableViewController.swift in Sources */ = {isa = PBXBuildFile; fileRef = DE692D6A1D71ADFB0070B45E /* ListTableViewController.swift */; };
		DE692D701D71ADFB0070B45E /* ListTableViewController.xib in Resources */ = {isa = PBXBuildFile; fileRef = DE692D6B1D71ADFB0070B45E /* ListTableViewController.xib */; };
		DE692D771D71AE600070B45E /* CAPSPageMenu.swift in Sources */ = {isa = PBXBuildFile; fileRef = DE692D721D71AE600070B45E /* CAPSPageMenu.swift */; };
		DE692D781D71AE600070B45E /* ColorController.swift in Sources */ = {isa = PBXBuildFile; fileRef = DE692D731D71AE600070B45E /* ColorController.swift */; };
		DE692D791D71AE600070B45E /* ItemController.swift in Sources */ = {isa = PBXBuildFile; fileRef = DE692D741D71AE600070B45E /* ItemController.swift */; };
		DE692D7A1D71AE600070B45E /* Page.swift in Sources */ = {isa = PBXBuildFile; fileRef = DE692D751D71AE600070B45E /* Page.swift */; };
		DE692D7B1D71AE600070B45E /* ScheduleItem.swift in Sources */ = {isa = PBXBuildFile; fileRef = DE692D761D71AE600070B45E /* ScheduleItem.swift */; };
		DE692D801D71AE9B0070B45E /* Counter.swift in Sources */ = {isa = PBXBuildFile; fileRef = DE692D7D1D71AE9B0070B45E /* Counter.swift */; };
		DE692D811D71AE9B0070B45E /* Label.swift in Sources */ = {isa = PBXBuildFile; fileRef = DE692D7E1D71AE9B0070B45E /* Label.swift */; };
		DE692D821D71AE9B0070B45E /* Widget.swift in Sources */ = {isa = PBXBuildFile; fileRef = DE692D7F1D71AE9B0070B45E /* Widget.swift */; };
		DE692D861D71AEEE0070B45E /* LabelCell.swift in Sources */ = {isa = PBXBuildFile; fileRef = DE692D841D71AEEE0070B45E /* LabelCell.swift */; };
		DE692D871D71AEEE0070B45E /* LabelCell.xib in Resources */ = {isa = PBXBuildFile; fileRef = DE692D851D71AEEE0070B45E /* LabelCell.xib */; };
		DE692D951D71AF390070B45E /* ColorLabelTableViewCell.swift in Sources */ = {isa = PBXBuildFile; fileRef = DE692D891D71AF390070B45E /* ColorLabelTableViewCell.swift */; };
		DE692D961D71AF390070B45E /* ColorLabelTableViewCell.xib in Resources */ = {isa = PBXBuildFile; fileRef = DE692D8A1D71AF390070B45E /* ColorLabelTableViewCell.xib */; };
		DE692D971D71AF390070B45E /* ColorSelectTableViewCell.swift in Sources */ = {isa = PBXBuildFile; fileRef = DE692D8B1D71AF390070B45E /* ColorSelectTableViewCell.swift */; };
		DE692D981D71AF390070B45E /* ColorSelectTableViewCell.xib in Resources */ = {isa = PBXBuildFile; fileRef = DE692D8C1D71AF390070B45E /* ColorSelectTableViewCell.xib */; };
		DE692D991D71AF390070B45E /* DatePickerCell.swift in Sources */ = {isa = PBXBuildFile; fileRef = DE692D8D1D71AF390070B45E /* DatePickerCell.swift */; };
		DE692D9A1D71AF390070B45E /* DatePickerCell.xib in Resources */ = {isa = PBXBuildFile; fileRef = DE692D8E1D71AF390070B45E /* DatePickerCell.xib */; };
		DE692D9B1D71AF390070B45E /* LabelTableViewCell.swift in Sources */ = {isa = PBXBuildFile; fileRef = DE692D8F1D71AF390070B45E /* LabelTableViewCell.swift */; };
		DE692D9C1D71AF390070B45E /* LabelTableViewCell.xib in Resources */ = {isa = PBXBuildFile; fileRef = DE692D901D71AF390070B45E /* LabelTableViewCell.xib */; };
		DE692D9D1D71AF390070B45E /* SwitchTableViewCell.swift in Sources */ = {isa = PBXBuildFile; fileRef = DE692D911D71AF390070B45E /* SwitchTableViewCell.swift */; };
		DE692D9E1D71AF390070B45E /* SwitchTableViewCell.xib in Resources */ = {isa = PBXBuildFile; fileRef = DE692D921D71AF390070B45E /* SwitchTableViewCell.xib */; };
		DE692D9F1D71AF390070B45E /* TextFieldTableViewCell.swift in Sources */ = {isa = PBXBuildFile; fileRef = DE692D931D71AF390070B45E /* TextFieldTableViewCell.swift */; };
		DE692DA01D71AF390070B45E /* TextFieldTableViewCell.xib in Resources */ = {isa = PBXBuildFile; fileRef = DE692D941D71AF390070B45E /* TextFieldTableViewCell.xib */; };
		DE692DA81D71AFA70070B45E /* Check.pdf in Resources */ = {isa = PBXBuildFile; fileRef = DE692DA31D71AFA70070B45E /* Check.pdf */; };
		DE692DA91D71AFA70070B45E /* Close.pdf in Resources */ = {isa = PBXBuildFile; fileRef = DE692DA41D71AFA70070B45E /* Close.pdf */; };
		DE692DAA1D71AFA70070B45E /* Edit.pdf in Resources */ = {isa = PBXBuildFile; fileRef = DE692DA51D71AFA70070B45E /* Edit.pdf */; };
		DE692DAB1D71AFA70070B45E /* List.pdf in Resources */ = {isa = PBXBuildFile; fileRef = DE692DA61D71AFA70070B45E /* List.pdf */; };
		DE692DAD1D71AFBD0070B45E /* Icon in Resources */ = {isa = PBXBuildFile; fileRef = DE692DAC1D71AFBD0070B45E /* Icon */; };
		DE692DAF1D71AFCF0070B45E /* Main.storyboard in Resources */ = {isa = PBXBuildFile; fileRef = DE692DAE1D71AFCF0070B45E /* Main.storyboard */; };
		DE692E311D7319030070B45E /* LabelEditor.swift in Sources */ = {isa = PBXBuildFile; fileRef = DE692E301D7319030070B45E /* LabelEditor.swift */; };
		DE692E341D732C2E0070B45E /* MemoEditor.swift in Sources */ = {isa = PBXBuildFile; fileRef = DE692E331D732C2E0070B45E /* MemoEditor.swift */; };
		DE692E361D7332B00070B45E /* MemoWidgetEditor.swift in Sources */ = {isa = PBXBuildFile; fileRef = DE692E351D7332B00070B45E /* MemoWidgetEditor.swift */; };
		DE692E391D73EA9F0070B45E /* CounterCell.swift in Sources */ = {isa = PBXBuildFile; fileRef = DE692E371D73EA9F0070B45E /* CounterCell.swift */; };
		DE692E3A1D73EA9F0070B45E /* CounterCell.xib in Resources */ = {isa = PBXBuildFile; fileRef = DE692E381D73EA9F0070B45E /* CounterCell.xib */; };
		DEC5AD581D7487DA0063517D /* ToDo.swift in Sources */ = {isa = PBXBuildFile; fileRef = DEC5AD571D7487DA0063517D /* ToDo.swift */; };
		DEC5AD5B1D74889F0063517D /* ToDoCell.swift in Sources */ = {isa = PBXBuildFile; fileRef = DEC5AD591D74889F0063517D /* ToDoCell.swift */; };
		DEC5AD5C1D74889F0063517D /* ToDoCell.xib in Resources */ = {isa = PBXBuildFile; fileRef = DEC5AD5A1D74889F0063517D /* ToDoCell.xib */; };
		DEC5AD5E1D74908A0063517D /* ToDoEditor.swift in Sources */ = {isa = PBXBuildFile; fileRef = DEC5AD5D1D74908A0063517D /* ToDoEditor.swift */; };
		DEC5AD601D752AB10063517D /* CheckBox.pdf in Resources */ = {isa = PBXBuildFile; fileRef = DEC5AD5F1D752AB10063517D /* CheckBox.pdf */; };
		DEC5AD621D7535980063517D /* Minus.pdf in Resources */ = {isa = PBXBuildFile; fileRef = DEC5AD611D7535980063517D /* Minus.pdf */; };
		DEC5AD641D7535B10063517D /* Plus.pdf in Resources */ = {isa = PBXBuildFile; fileRef = DEC5AD631D7535B10063517D /* Plus.pdf */; };
/* End PBXBuildFile section */

/* Begin PBXContainerItemProxy section */
		DE692D2B1D71AA540070B45E /* PBXContainerItemProxy */ = {
			isa = PBXContainerItemProxy;
			containerPortal = DE692D0B1D71AA540070B45E /* Project object */;
			proxyType = 1;
			remoteGlobalIDString = DE692D121D71AA540070B45E;
			remoteInfo = Memolist;
		};
		DE692D361D71AA540070B45E /* PBXContainerItemProxy */ = {
			isa = PBXContainerItemProxy;
			containerPortal = DE692D0B1D71AA540070B45E /* Project object */;
			proxyType = 1;
			remoteGlobalIDString = DE692D121D71AA540070B45E;
			remoteInfo = Memolist;
		};
/* End PBXContainerItemProxy section */

/* Begin PBXFileReference section */
		DE339A721D745A41004E7932 /* Add.pdf */ = {isa = PBXFileReference; lastKnownFileType = image.pdf; path = Add.pdf; sourceTree = "<group>"; };
		DE692D131D71AA540070B45E /* Memolist.app */ = {isa = PBXFileReference; explicitFileType = wrapper.application; includeInIndex = 0; path = Memolist.app; sourceTree = BUILT_PRODUCTS_DIR; };
		DE692D1E1D71AA540070B45E /* Memolist.xcdatamodel */ = {isa = PBXFileReference; lastKnownFileType = wrapper.xcdatamodel; path = Memolist.xcdatamodel; sourceTree = "<group>"; };
		DE692D201D71AA540070B45E /* Assets.xcassets */ = {isa = PBXFileReference; lastKnownFileType = folder.assetcatalog; path = Assets.xcassets; sourceTree = "<group>"; };
		DE692D231D71AA540070B45E /* Base */ = {isa = PBXFileReference; lastKnownFileType = file.storyboard; name = Base; path = Base.lproj/LaunchScreen.storyboard; sourceTree = "<group>"; };
		DE692D251D71AA540070B45E /* Info.plist */ = {isa = PBXFileReference; lastKnownFileType = text.plist.xml; path = Info.plist; sourceTree = "<group>"; };
		DE692D2A1D71AA540070B45E /* MemolistTests.xctest */ = {isa = PBXFileReference; explicitFileType = wrapper.cfbundle; includeInIndex = 0; path = MemolistTests.xctest; sourceTree = BUILT_PRODUCTS_DIR; };
		DE692D2E1D71AA540070B45E /* MemolistTests.swift */ = {isa = PBXFileReference; lastKnownFileType = sourcecode.swift; path = MemolistTests.swift; sourceTree = "<group>"; };
		DE692D301D71AA540070B45E /* Info.plist */ = {isa = PBXFileReference; lastKnownFileType = text.plist.xml; path = Info.plist; sourceTree = "<group>"; };
		DE692D351D71AA540070B45E /* MemolistUITests.xctest */ = {isa = PBXFileReference; explicitFileType = wrapper.cfbundle; includeInIndex = 0; path = MemolistUITests.xctest; sourceTree = BUILT_PRODUCTS_DIR; };
		DE692D391D71AA540070B45E /* MemolistUITests.swift */ = {isa = PBXFileReference; lastKnownFileType = sourcecode.swift; path = MemolistUITests.swift; sourceTree = "<group>"; };
		DE692D3B1D71AA540070B45E /* Info.plist */ = {isa = PBXFileReference; lastKnownFileType = text.plist.xml; path = Info.plist; sourceTree = "<group>"; };
		DE692D471D71AB240070B45E /* Memolist-Bridging-Header.h */ = {isa = PBXFileReference; lastKnownFileType = sourcecode.c.h; path = "Memolist-Bridging-Header.h"; sourceTree = "<group>"; };
		DE692D541D71ACBA0070B45E /* AppDelegate.swift */ = {isa = PBXFileReference; fileEncoding = 4; lastKnownFileType = sourcecode.swift; path = AppDelegate.swift; sourceTree = "<group>"; };
		DE692D551D71ACBA0070B45E /* ViewController.swift */ = {isa = PBXFileReference; fileEncoding = 4; lastKnownFileType = sourcecode.swift; path = ViewController.swift; sourceTree = "<group>"; };
		DE692D581D71AD180070B45E /* AllPageEditorViewController.swift */ = {isa = PBXFileReference; fileEncoding = 4; lastKnownFileType = sourcecode.swift; path = AllPageEditorViewController.swift; sourceTree = "<group>"; };
		DE692D591D71AD180070B45E /* ColorSelectorViewController.swift */ = {isa = PBXFileReference; fileEncoding = 4; lastKnownFileType = sourcecode.swift; path = ColorSelectorViewController.swift; sourceTree = "<group>"; };
		DE692D5A1D71AD180070B45E /* PageEditorViewController.swift */ = {isa = PBXFileReference; fileEncoding = 4; lastKnownFileType = sourcecode.swift; path = PageEditorViewController.swift; sourceTree = "<group>"; };
		DE692D5E1D71AD950070B45E /* EditorViewController.swift */ = {isa = PBXFileReference; fileEncoding = 4; lastKnownFileType = sourcecode.swift; path = EditorViewController.swift; sourceTree = "<group>"; };
		DE692D5F1D71AD950070B45E /* ItemColorSelectorViewController.swift */ = {isa = PBXFileReference; fileEncoding = 4; lastKnownFileType = sourcecode.swift; path = ItemColorSelectorViewController.swift; sourceTree = "<group>"; };
		DE692D601D71AD950070B45E /* WidgetEditorViewController.swift */ = {isa = PBXFileReference; fileEncoding = 4; lastKnownFileType = sourcecode.swift; path = WidgetEditorViewController.swift; sourceTree = "<group>"; };
		DE692D611D71AD950070B45E /* WidgetSelectorViewController.swift */ = {isa = PBXFileReference; fileEncoding = 4; lastKnownFileType = sourcecode.swift; path = WidgetSelectorViewController.swift; sourceTree = "<group>"; };
		DE692D671D71ADFB0070B45E /* ListItem.swift */ = {isa = PBXFileReference; fileEncoding = 4; lastKnownFileType = sourcecode.swift; path = ListItem.swift; sourceTree = "<group>"; };
		DE692D681D71ADFB0070B45E /* ListTableViewCell.swift */ = {isa = PBXFileReference; fileEncoding = 4; lastKnownFileType = sourcecode.swift; path = ListTableViewCell.swift; sourceTree = "<group>"; };
		DE692D691D71ADFB0070B45E /* ListTableViewCell.xib */ = {isa = PBXFileReference; fileEncoding = 4; lastKnownFileType = file.xib; path = ListTableViewCell.xib; sourceTree = "<group>"; };
		DE692D6A1D71ADFB0070B45E /* ListTableViewController.swift */ = {isa = PBXFileReference; fileEncoding = 4; lastKnownFileType = sourcecode.swift; path = ListTableViewController.swift; sourceTree = "<group>"; };
		DE692D6B1D71ADFB0070B45E /* ListTableViewController.xib */ = {isa = PBXFileReference; fileEncoding = 4; lastKnownFileType = file.xib; path = ListTableViewController.xib; sourceTree = "<group>"; };
		DE692D721D71AE600070B45E /* CAPSPageMenu.swift */ = {isa = PBXFileReference; fileEncoding = 4; lastKnownFileType = sourcecode.swift; path = CAPSPageMenu.swift; sourceTree = "<group>"; };
		DE692D731D71AE600070B45E /* ColorController.swift */ = {isa = PBXFileReference; fileEncoding = 4; lastKnownFileType = sourcecode.swift; path = ColorController.swift; sourceTree = "<group>"; };
		DE692D741D71AE600070B45E /* ItemController.swift */ = {isa = PBXFileReference; fileEncoding = 4; lastKnownFileType = sourcecode.swift; path = ItemController.swift; sourceTree = "<group>"; };
		DE692D751D71AE600070B45E /* Page.swift */ = {isa = PBXFileReference; fileEncoding = 4; lastKnownFileType = sourcecode.swift; path = Page.swift; sourceTree = "<group>"; };
		DE692D761D71AE600070B45E /* ScheduleItem.swift */ = {isa = PBXFileReference; fileEncoding = 4; lastKnownFileType = sourcecode.swift; path = ScheduleItem.swift; sourceTree = "<group>"; };
		DE692D7D1D71AE9B0070B45E /* Counter.swift */ = {isa = PBXFileReference; fileEncoding = 4; lastKnownFileType = sourcecode.swift; path = Counter.swift; sourceTree = "<group>"; };
		DE692D7E1D71AE9B0070B45E /* Label.swift */ = {isa = PBXFileReference; fileEncoding = 4; lastKnownFileType = sourcecode.swift; path = Label.swift; sourceTree = "<group>"; };
		DE692D7F1D71AE9B0070B45E /* Widget.swift */ = {isa = PBXFileReference; fileEncoding = 4; lastKnownFileType = sourcecode.swift; path = Widget.swift; sourceTree = "<group>"; };
		DE692D841D71AEEE0070B45E /* LabelCell.swift */ = {isa = PBXFileReference; fileEncoding = 4; lastKnownFileType = sourcecode.swift; path = LabelCell.swift; sourceTree = "<group>"; };
		DE692D851D71AEEE0070B45E /* LabelCell.xib */ = {isa = PBXFileReference; fileEncoding = 4; lastKnownFileType = file.xib; path = LabelCell.xib; sourceTree = "<group>"; };
		DE692D891D71AF390070B45E /* ColorLabelTableViewCell.swift */ = {isa = PBXFileReference; fileEncoding = 4; lastKnownFileType = sourcecode.swift; path = ColorLabelTableViewCell.swift; sourceTree = "<group>"; };
		DE692D8A1D71AF390070B45E /* ColorLabelTableViewCell.xib */ = {isa = PBXFileReference; fileEncoding = 4; lastKnownFileType = file.xib; path = ColorLabelTableViewCell.xib; sourceTree = "<group>"; };
		DE692D8B1D71AF390070B45E /* ColorSelectTableViewCell.swift */ = {isa = PBXFileReference; fileEncoding = 4; lastKnownFileType = sourcecode.swift; path = ColorSelectTableViewCell.swift; sourceTree = "<group>"; };
		DE692D8C1D71AF390070B45E /* ColorSelectTableViewCell.xib */ = {isa = PBXFileReference; fileEncoding = 4; lastKnownFileType = file.xib; path = ColorSelectTableViewCell.xib; sourceTree = "<group>"; };
		DE692D8D1D71AF390070B45E /* DatePickerCell.swift */ = {isa = PBXFileReference; fileEncoding = 4; lastKnownFileType = sourcecode.swift; path = DatePickerCell.swift; sourceTree = "<group>"; };
		DE692D8E1D71AF390070B45E /* DatePickerCell.xib */ = {isa = PBXFileReference; fileEncoding = 4; lastKnownFileType = file.xib; path = DatePickerCell.xib; sourceTree = "<group>"; };
		DE692D8F1D71AF390070B45E /* LabelTableViewCell.swift */ = {isa = PBXFileReference; fileEncoding = 4; lastKnownFileType = sourcecode.swift; path = LabelTableViewCell.swift; sourceTree = "<group>"; };
		DE692D901D71AF390070B45E /* LabelTableViewCell.xib */ = {isa = PBXFileReference; fileEncoding = 4; lastKnownFileType = file.xib; path = LabelTableViewCell.xib; sourceTree = "<group>"; };
		DE692D911D71AF390070B45E /* SwitchTableViewCell.swift */ = {isa = PBXFileReference; fileEncoding = 4; lastKnownFileType = sourcecode.swift; path = SwitchTableViewCell.swift; sourceTree = "<group>"; };
		DE692D921D71AF390070B45E /* SwitchTableViewCell.xib */ = {isa = PBXFileReference; fileEncoding = 4; lastKnownFileType = file.xib; path = SwitchTableViewCell.xib; sourceTree = "<group>"; };
		DE692D931D71AF390070B45E /* TextFieldTableViewCell.swift */ = {isa = PBXFileReference; fileEncoding = 4; lastKnownFileType = sourcecode.swift; path = TextFieldTableViewCell.swift; sourceTree = "<group>"; };
		DE692D941D71AF390070B45E /* TextFieldTableViewCell.xib */ = {isa = PBXFileReference; fileEncoding = 4; lastKnownFileType = file.xib; path = TextFieldTableViewCell.xib; sourceTree = "<group>"; };
		DE692DA31D71AFA70070B45E /* Check.pdf */ = {isa = PBXFileReference; lastKnownFileType = image.pdf; path = Check.pdf; sourceTree = "<group>"; };
		DE692DA41D71AFA70070B45E /* Close.pdf */ = {isa = PBXFileReference; lastKnownFileType = image.pdf; path = Close.pdf; sourceTree = "<group>"; };
		DE692DA51D71AFA70070B45E /* Edit.pdf */ = {isa = PBXFileReference; lastKnownFileType = image.pdf; path = Edit.pdf; sourceTree = "<group>"; };
		DE692DA61D71AFA70070B45E /* List.pdf */ = {isa = PBXFileReference; lastKnownFileType = image.pdf; path = List.pdf; sourceTree = "<group>"; };
		DE692DAC1D71AFBD0070B45E /* Icon */ = {isa = PBXFileReference; lastKnownFileType = folder; path = Icon; sourceTree = "<group>"; };
		DE692DAE1D71AFCF0070B45E /* Main.storyboard */ = {isa = PBXFileReference; fileEncoding = 4; lastKnownFileType = file.storyboard; path = Main.storyboard; sourceTree = "<group>"; };
		DE692DB11D71B4950070B45E /* ja */ = {isa = PBXFileReference; lastKnownFileType = text.plist.strings; name = ja; path = ja.lproj/LaunchScreen.strings; sourceTree = "<group>"; };
		DE692E301D7319030070B45E /* LabelEditor.swift */ = {isa = PBXFileReference; fileEncoding = 4; lastKnownFileType = sourcecode.swift; path = LabelEditor.swift; sourceTree = "<group>"; };
		DE692E331D732C2E0070B45E /* MemoEditor.swift */ = {isa = PBXFileReference; fileEncoding = 4; lastKnownFileType = sourcecode.swift; path = MemoEditor.swift; sourceTree = "<group>"; };
		DE692E351D7332B00070B45E /* MemoWidgetEditor.swift */ = {isa = PBXFileReference; fileEncoding = 4; lastKnownFileType = sourcecode.swift; path = MemoWidgetEditor.swift; sourceTree = "<group>"; };
		DE692E371D73EA9F0070B45E /* CounterCell.swift */ = {isa = PBXFileReference; fileEncoding = 4; lastKnownFileType = sourcecode.swift; path = CounterCell.swift; sourceTree = "<group>"; };
		DE692E381D73EA9F0070B45E /* CounterCell.xib */ = {isa = PBXFileReference; fileEncoding = 4; lastKnownFileType = file.xib; path = CounterCell.xib; sourceTree = "<group>"; };
		DEC5AD571D7487DA0063517D /* ToDo.swift */ = {isa = PBXFileReference; fileEncoding = 4; lastKnownFileType = sourcecode.swift; path = ToDo.swift; sourceTree = "<group>"; };
		DEC5AD591D74889F0063517D /* ToDoCell.swift */ = {isa = PBXFileReference; fileEncoding = 4; lastKnownFileType = sourcecode.swift; path = ToDoCell.swift; sourceTree = "<group>"; };
		DEC5AD5A1D74889F0063517D /* ToDoCell.xib */ = {isa = PBXFileReference; fileEncoding = 4; lastKnownFileType = file.xib; path = ToDoCell.xib; sourceTree = "<group>"; };
		DEC5AD5D1D74908A0063517D /* ToDoEditor.swift */ = {isa = PBXFileReference; fileEncoding = 4; lastKnownFileType = sourcecode.swift; path = ToDoEditor.swift; sourceTree = "<group>"; };
		DEC5AD5F1D752AB10063517D /* CheckBox.pdf */ = {isa = PBXFileReference; lastKnownFileType = image.pdf; path = CheckBox.pdf; sourceTree = "<group>"; };
		DEC5AD611D7535980063517D /* Minus.pdf */ = {isa = PBXFileReference; lastKnownFileType = image.pdf; path = Minus.pdf; sourceTree = "<group>"; };
		DEC5AD631D7535B10063517D /* Plus.pdf */ = {isa = PBXFileReference; lastKnownFileType = image.pdf; path = Plus.pdf; sourceTree = "<group>"; };
/* End PBXFileReference section */

/* Begin PBXFrameworksBuildPhase section */
		DE692D101D71AA540070B45E /* Frameworks */ = {
			isa = PBXFrameworksBuildPhase;
			buildActionMask = 2147483647;
			files = (
			);
			runOnlyForDeploymentPostprocessing = 0;
		};
		DE692D271D71AA540070B45E /* Frameworks */ = {
			isa = PBXFrameworksBuildPhase;
			buildActionMask = 2147483647;
			files = (
			);
			runOnlyForDeploymentPostprocessing = 0;
		};
		DE692D321D71AA540070B45E /* Frameworks */ = {
			isa = PBXFrameworksBuildPhase;
			buildActionMask = 2147483647;
			files = (
			);
			runOnlyForDeploymentPostprocessing = 0;
		};
/* End PBXFrameworksBuildPhase section */

/* Begin PBXGroup section */
		DE692D0A1D71AA540070B45E = {
			isa = PBXGroup;
			children = (
				DE692D151D71AA540070B45E /* Memolist */,
				DE692D2D1D71AA540070B45E /* MemolistTests */,
				DE692D381D71AA540070B45E /* MemolistUITests */,
				DE692D141D71AA540070B45E /* Products */,
			);
			sourceTree = "<group>";
		};
		DE692D141D71AA540070B45E /* Products */ = {
			isa = PBXGroup;
			children = (
				DE692D131D71AA540070B45E /* Memolist.app */,
				DE692D2A1D71AA540070B45E /* MemolistTests.xctest */,
				DE692D351D71AA540070B45E /* MemolistUITests.xctest */,
			);
			name = Products;
			sourceTree = "<group>";
		};
		DE692D151D71AA540070B45E /* Memolist */ = {
			isa = PBXGroup;
			children = (
				DE692D541D71ACBA0070B45E /* AppDelegate.swift */,
				DE692D551D71ACBA0070B45E /* ViewController.swift */,
				DE692DAE1D71AFCF0070B45E /* Main.storyboard */,
				DE692D4C1D71AB3C0070B45E /* PageEditorControllers */,
				DE692D531D71ABC40070B45E /* ItemEditViewControllers */,
				DE692E321D732A070070B45E /* MemoEditorControllers */,
				DE692D661D71ADC00070B45E /* ListTableViewController */,
				DE692D711D71AE180070B45E /* Classes */,
				DE692D7C1D71AE800070B45E /* WidgetClasses */,
				DE692D831D71AEAD0070B45E /* WidgetCells */,
				DE692D881D71AF010070B45E /* CustomCells */,
				DE692DA11D71AF8E0070B45E /* Image */,
				DE692DAC1D71AFBD0070B45E /* Icon */,
				DE692D201D71AA540070B45E /* Assets.xcassets */,
				DE692D221D71AA540070B45E /* LaunchScreen.storyboard */,
				DE692D251D71AA540070B45E /* Info.plist */,
				DE692D1D1D71AA540070B45E /* Memolist.xcdatamodeld */,
				DE692D471D71AB240070B45E /* Memolist-Bridging-Header.h */,
			);
			path = Memolist;
			sourceTree = "<group>";
		};
		DE692D2D1D71AA540070B45E /* MemolistTests */ = {
			isa = PBXGroup;
			children = (
				DE692D2E1D71AA540070B45E /* MemolistTests.swift */,
				DE692D301D71AA540070B45E /* Info.plist */,
			);
			path = MemolistTests;
			sourceTree = "<group>";
		};
		DE692D381D71AA540070B45E /* MemolistUITests */ = {
			isa = PBXGroup;
			children = (
				DE692D391D71AA540070B45E /* MemolistUITests.swift */,
				DE692D3B1D71AA540070B45E /* Info.plist */,
			);
			path = MemolistUITests;
			sourceTree = "<group>";
		};
		DE692D4C1D71AB3C0070B45E /* PageEditorControllers */ = {
			isa = PBXGroup;
			children = (
				DE692D581D71AD180070B45E /* AllPageEditorViewController.swift */,
				DE692D5A1D71AD180070B45E /* PageEditorViewController.swift */,
				DE692D591D71AD180070B45E /* ColorSelectorViewController.swift */,
			);
			name = PageEditorControllers;
			sourceTree = "<group>";
		};
		DE692D531D71ABC40070B45E /* ItemEditViewControllers */ = {
			isa = PBXGroup;
			children = (
				DE692D5E1D71AD950070B45E /* EditorViewController.swift */,
				DE692D5F1D71AD950070B45E /* ItemColorSelectorViewController.swift */,
				DE692D601D71AD950070B45E /* WidgetEditorViewController.swift */,
				DE692D611D71AD950070B45E /* WidgetSelectorViewController.swift */,
			);
			name = ItemEditViewControllers;
			sourceTree = "<group>";
		};
		DE692D661D71ADC00070B45E /* ListTableViewController */ = {
			isa = PBXGroup;
			children = (
				DE692D6A1D71ADFB0070B45E /* ListTableViewController.swift */,
				DE692D6B1D71ADFB0070B45E /* ListTableViewController.xib */,
				DE692D681D71ADFB0070B45E /* ListTableViewCell.swift */,
				DE692D691D71ADFB0070B45E /* ListTableViewCell.xib */,
				DE692D671D71ADFB0070B45E /* ListItem.swift */,
			);
			name = ListTableViewController;
			sourceTree = "<group>";
		};
		DE692D711D71AE180070B45E /* Classes */ = {
			isa = PBXGroup;
			children = (
				DE692D721D71AE600070B45E /* CAPSPageMenu.swift */,
				DE692D761D71AE600070B45E /* ScheduleItem.swift */,
				DE692D751D71AE600070B45E /* Page.swift */,
				DE692D731D71AE600070B45E /* ColorController.swift */,
				DE692D741D71AE600070B45E /* ItemController.swift */,
			);
			name = Classes;
			sourceTree = "<group>";
		};
		DE692D7C1D71AE800070B45E /* WidgetClasses */ = {
			isa = PBXGroup;
			children = (
				DE692D7F1D71AE9B0070B45E /* Widget.swift */,
				DE692D7E1D71AE9B0070B45E /* Label.swift */,
				DE692E301D7319030070B45E /* LabelEditor.swift */,
				DEC5AD571D7487DA0063517D /* ToDo.swift */,
				DEC5AD5D1D74908A0063517D /* ToDoEditor.swift */,
				DE692D7D1D71AE9B0070B45E /* Counter.swift */,
			);
			name = WidgetClasses;
			sourceTree = "<group>";
		};
		DE692D831D71AEAD0070B45E /* WidgetCells */ = {
			isa = PBXGroup;
			children = (
				DE692D841D71AEEE0070B45E /* LabelCell.swift */,
				DE692D851D71AEEE0070B45E /* LabelCell.xib */,
				DEC5AD591D74889F0063517D /* ToDoCell.swift */,
				DEC5AD5A1D74889F0063517D /* ToDoCell.xib */,
				DE692E371D73EA9F0070B45E /* CounterCell.swift */,
				DE692E381D73EA9F0070B45E /* CounterCell.xib */,
			);
			name = WidgetCells;
			sourceTree = "<group>";
		};
		DE692D881D71AF010070B45E /* CustomCells */ = {
			isa = PBXGroup;
			children = (
				DE692D931D71AF390070B45E /* TextFieldTableViewCell.swift */,
				DE692D941D71AF390070B45E /* TextFieldTableViewCell.xib */,
				DE692D911D71AF390070B45E /* SwitchTableViewCell.swift */,
				DE692D921D71AF390070B45E /* SwitchTableViewCell.xib */,
				DE692D8F1D71AF390070B45E /* LabelTableViewCell.swift */,
				DE692D901D71AF390070B45E /* LabelTableViewCell.xib */,
				DE692D8D1D71AF390070B45E /* DatePickerCell.swift */,
				DE692D8E1D71AF390070B45E /* DatePickerCell.xib */,
				DE692D8B1D71AF390070B45E /* ColorSelectTableViewCell.swift */,
				DE692D8C1D71AF390070B45E /* ColorSelectTableViewCell.xib */,
				DE692D891D71AF390070B45E /* ColorLabelTableViewCell.swift */,
				DE692D8A1D71AF390070B45E /* ColorLabelTableViewCell.xib */,
			);
			name = CustomCells;
			sourceTree = "<group>";
		};
		DE692DA11D71AF8E0070B45E /* Image */ = {
			isa = PBXGroup;
			children = (
				DEC5AD631D7535B10063517D /* Plus.pdf */,
				DEC5AD611D7535980063517D /* Minus.pdf */,
				DEC5AD5F1D752AB10063517D /* CheckBox.pdf */,
				DE339A721D745A41004E7932 /* Add.pdf */,
				DE692DA31D71AFA70070B45E /* Check.pdf */,
				DE692DA41D71AFA70070B45E /* Close.pdf */,
				DE692DA51D71AFA70070B45E /* Edit.pdf */,
				DE692DA61D71AFA70070B45E /* List.pdf */,
			);
			name = Image;
			sourceTree = "<group>";
		};
		DE692E321D732A070070B45E /* MemoEditorControllers */ = {
			isa = PBXGroup;
			children = (
				DE692E331D732C2E0070B45E /* MemoEditor.swift */,
				DE692E351D7332B00070B45E /* MemoWidgetEditor.swift */,
			);
			name = MemoEditorControllers;
			sourceTree = "<group>";
		};
/* End PBXGroup section */

/* Begin PBXNativeTarget section */
		DE692D121D71AA540070B45E /* Memolist */ = {
			isa = PBXNativeTarget;
			buildConfigurationList = DE692D3E1D71AA540070B45E /* Build configuration list for PBXNativeTarget "Memolist" */;
			buildPhases = (
				DE692D0F1D71AA540070B45E /* Sources */,
				DE692D101D71AA540070B45E /* Frameworks */,
				DE692D111D71AA540070B45E /* Resources */,
			);
			buildRules = (
			);
			dependencies = (
			);
			name = Memolist;
			productName = Memolist;
			productReference = DE692D131D71AA540070B45E /* Memolist.app */;
			productType = "com.apple.product-type.application";
		};
		DE692D291D71AA540070B45E /* MemolistTests */ = {
			isa = PBXNativeTarget;
			buildConfigurationList = DE692D411D71AA540070B45E /* Build configuration list for PBXNativeTarget "MemolistTests" */;
			buildPhases = (
				DE692D261D71AA540070B45E /* Sources */,
				DE692D271D71AA540070B45E /* Frameworks */,
				DE692D281D71AA540070B45E /* Resources */,
			);
			buildRules = (
			);
			dependencies = (
				DE692D2C1D71AA540070B45E /* PBXTargetDependency */,
			);
			name = MemolistTests;
			productName = MemolistTests;
			productReference = DE692D2A1D71AA540070B45E /* MemolistTests.xctest */;
			productType = "com.apple.product-type.bundle.unit-test";
		};
		DE692D341D71AA540070B45E /* MemolistUITests */ = {
			isa = PBXNativeTarget;
			buildConfigurationList = DE692D441D71AA540070B45E /* Build configuration list for PBXNativeTarget "MemolistUITests" */;
			buildPhases = (
				DE692D311D71AA540070B45E /* Sources */,
				DE692D321D71AA540070B45E /* Frameworks */,
				DE692D331D71AA540070B45E /* Resources */,
			);
			buildRules = (
			);
			dependencies = (
				DE692D371D71AA540070B45E /* PBXTargetDependency */,
			);
			name = MemolistUITests;
			productName = MemolistUITests;
			productReference = DE692D351D71AA540070B45E /* MemolistUITests.xctest */;
			productType = "com.apple.product-type.bundle.ui-testing";
		};
/* End PBXNativeTarget section */

/* Begin PBXProject section */
		DE692D0B1D71AA540070B45E /* Project object */ = {
			isa = PBXProject;
			attributes = {
				LastSwiftUpdateCheck = 0730;
				LastUpgradeCheck = 0730;
				ORGANIZATIONNAME = "原田大樹";
				TargetAttributes = {
					DE692D121D71AA540070B45E = {
						CreatedOnToolsVersion = 7.3.1;
					};
					DE692D291D71AA540070B45E = {
						CreatedOnToolsVersion = 7.3.1;
						TestTargetID = DE692D121D71AA540070B45E;
					};
					DE692D341D71AA540070B45E = {
						CreatedOnToolsVersion = 7.3.1;
						TestTargetID = DE692D121D71AA540070B45E;
					};
				};
			};
			buildConfigurationList = DE692D0E1D71AA540070B45E /* Build configuration list for PBXProject "Memolist" */;
			compatibilityVersion = "Xcode 3.2";
			developmentRegion = English;
			hasScannedForEncodings = 0;
			knownRegions = (
				en,
				Base,
			);
			mainGroup = DE692D0A1D71AA540070B45E;
			productRefGroup = DE692D141D71AA540070B45E /* Products */;
			projectDirPath = "";
			projectRoot = "";
			targets = (
				DE692D121D71AA540070B45E /* Memolist */,
				DE692D291D71AA540070B45E /* MemolistTests */,
				DE692D341D71AA540070B45E /* MemolistUITests */,
			);
		};
/* End PBXProject section */

/* Begin PBXResourcesBuildPhase section */
		DE692D111D71AA540070B45E /* Resources */ = {
			isa = PBXResourcesBuildPhase;
			buildActionMask = 2147483647;
			files = (
				DE692D9A1D71AF390070B45E /* DatePickerCell.xib in Resources */,
				DEC5AD601D752AB10063517D /* CheckBox.pdf in Resources */,
				DE692DA81D71AFA70070B45E /* Check.pdf in Resources */,
				DE692D871D71AEEE0070B45E /* LabelCell.xib in Resources */,
				DE692D701D71ADFB0070B45E /* ListTableViewController.xib in Resources */,
				DE692D241D71AA540070B45E /* LaunchScreen.storyboard in Resources */,
				DEC5AD641D7535B10063517D /* Plus.pdf in Resources */,
				DE692DAA1D71AFA70070B45E /* Edit.pdf in Resources */,
				DE692D6E1D71ADFB0070B45E /* ListTableViewCell.xib in Resources */,
				DE692DA91D71AFA70070B45E /* Close.pdf in Resources */,
				DE692E3A1D73EA9F0070B45E /* CounterCell.xib in Resources */,
				DE692D9E1D71AF390070B45E /* SwitchTableViewCell.xib in Resources */,
				DEC5AD5C1D74889F0063517D /* ToDoCell.xib in Resources */,
				DE692D211D71AA540070B45E /* Assets.xcassets in Resources */,
				DEC5AD621D7535980063517D /* Minus.pdf in Resources */,
				DE692DAD1D71AFBD0070B45E /* Icon in Resources */,
				DE339A731D745A41004E7932 /* Add.pdf in Resources */,
				DE692DA01D71AF390070B45E /* TextFieldTableViewCell.xib in Resources */,
				DE692D9C1D71AF390070B45E /* LabelTableViewCell.xib in Resources */,
				DE692D961D71AF390070B45E /* ColorLabelTableViewCell.xib in Resources */,
				DE692DAF1D71AFCF0070B45E /* Main.storyboard in Resources */,
				DE692D981D71AF390070B45E /* ColorSelectTableViewCell.xib in Resources */,
				DE692DAB1D71AFA70070B45E /* List.pdf in Resources */,
			);
			runOnlyForDeploymentPostprocessing = 0;
		};
		DE692D281D71AA540070B45E /* Resources */ = {
			isa = PBXResourcesBuildPhase;
			buildActionMask = 2147483647;
			files = (
			);
			runOnlyForDeploymentPostprocessing = 0;
		};
		DE692D331D71AA540070B45E /* Resources */ = {
			isa = PBXResourcesBuildPhase;
			buildActionMask = 2147483647;
			files = (
			);
			runOnlyForDeploymentPostprocessing = 0;
		};
/* End PBXResourcesBuildPhase section */

/* Begin PBXSourcesBuildPhase section */
		DE692D0F1D71AA540070B45E /* Sources */ = {
			isa = PBXSourcesBuildPhase;
			buildActionMask = 2147483647;
			files = (
				DE692D5B1D71AD180070B45E /* AllPageEditorViewController.swift in Sources */,
				DE692D781D71AE600070B45E /* ColorController.swift in Sources */,
				DE692E341D732C2E0070B45E /* MemoEditor.swift in Sources */,
				DEC5AD581D7487DA0063517D /* ToDo.swift in Sources */,
				DE692D791D71AE600070B45E /* ItemController.swift in Sources */,
				DE692D7B1D71AE600070B45E /* ScheduleItem.swift in Sources */,
				DE692D991D71AF390070B45E /* DatePickerCell.swift in Sources */,
				DE692D9D1D71AF390070B45E /* SwitchTableViewCell.swift in Sources */,
				DE692E361D7332B00070B45E /* MemoWidgetEditor.swift in Sources */,
				DE692D5C1D71AD180070B45E /* ColorSelectorViewController.swift in Sources */,
				DE692D771D71AE600070B45E /* CAPSPageMenu.swift in Sources */,
				DE692D7A1D71AE600070B45E /* Page.swift in Sources */,
				DE692D571D71ACBA0070B45E /* ViewController.swift in Sources */,
				DE692E391D73EA9F0070B45E /* CounterCell.swift in Sources */,
				DE692D651D71AD950070B45E /* WidgetSelectorViewController.swift in Sources */,
				DE692D9B1D71AF390070B45E /* LabelTableViewCell.swift in Sources */,
				DE692D6C1D71ADFB0070B45E /* ListItem.swift in Sources */,
				DE692D6F1D71ADFB0070B45E /* ListTableViewController.swift in Sources */,
				DEC5AD5E1D74908A0063517D /* ToDoEditor.swift in Sources */,
				DE692D971D71AF390070B45E /* ColorSelectTableViewCell.swift in Sources */,
				DE692D6D1D71ADFB0070B45E /* ListTableViewCell.swift in Sources */,
				DE692D801D71AE9B0070B45E /* Counter.swift in Sources */,
				DEC5AD5B1D74889F0063517D /* ToDoCell.swift in Sources */,
				DE692D641D71AD950070B45E /* WidgetEditorViewController.swift in Sources */,
				DE692D561D71ACBA0070B45E /* AppDelegate.swift in Sources */,
				DE692D5D1D71AD180070B45E /* PageEditorViewController.swift in Sources */,
				DE692D861D71AEEE0070B45E /* LabelCell.swift in Sources */,
				DE692D1F1D71AA540070B45E /* Memolist.xcdatamodeld in Sources */,
				DE692D631D71AD950070B45E /* ItemColorSelectorViewController.swift in Sources */,
				DE692E311D7319030070B45E /* LabelEditor.swift in Sources */,
				DE692D9F1D71AF390070B45E /* TextFieldTableViewCell.swift in Sources */,
				DE692D811D71AE9B0070B45E /* Label.swift in Sources */,
				DE692D951D71AF390070B45E /* ColorLabelTableViewCell.swift in Sources */,
				DE692D621D71AD950070B45E /* EditorViewController.swift in Sources */,
				DE692D821D71AE9B0070B45E /* Widget.swift in Sources */,
			);
			runOnlyForDeploymentPostprocessing = 0;
		};
		DE692D261D71AA540070B45E /* Sources */ = {
			isa = PBXSourcesBuildPhase;
			buildActionMask = 2147483647;
			files = (
				DE692D2F1D71AA540070B45E /* MemolistTests.swift in Sources */,
			);
			runOnlyForDeploymentPostprocessing = 0;
		};
		DE692D311D71AA540070B45E /* Sources */ = {
			isa = PBXSourcesBuildPhase;
			buildActionMask = 2147483647;
			files = (
				DE692D3A1D71AA540070B45E /* MemolistUITests.swift in Sources */,
			);
			runOnlyForDeploymentPostprocessing = 0;
		};
/* End PBXSourcesBuildPhase section */

/* Begin PBXTargetDependency section */
		DE692D2C1D71AA540070B45E /* PBXTargetDependency */ = {
			isa = PBXTargetDependency;
			target = DE692D121D71AA540070B45E /* Memolist */;
			targetProxy = DE692D2B1D71AA540070B45E /* PBXContainerItemProxy */;
		};
		DE692D371D71AA540070B45E /* PBXTargetDependency */ = {
			isa = PBXTargetDependency;
			target = DE692D121D71AA540070B45E /* Memolist */;
			targetProxy = DE692D361D71AA540070B45E /* PBXContainerItemProxy */;
		};
/* End PBXTargetDependency section */

/* Begin PBXVariantGroup section */
		DE692D221D71AA540070B45E /* LaunchScreen.storyboard */ = {
			isa = PBXVariantGroup;
			children = (
				DE692D231D71AA540070B45E /* Base */,
				DE692DB11D71B4950070B45E /* ja */,
			);
			name = LaunchScreen.storyboard;
			sourceTree = "<group>";
		};
/* End PBXVariantGroup section */

/* Begin XCBuildConfiguration section */
		DE692D3C1D71AA540070B45E /* Debug */ = {
			isa = XCBuildConfiguration;
			buildSettings = {
				ALWAYS_SEARCH_USER_PATHS = NO;
				CLANG_ANALYZER_NONNULL = YES;
				CLANG_CXX_LANGUAGE_STANDARD = "gnu++0x";
				CLANG_CXX_LIBRARY = "libc++";
				CLANG_ENABLE_MODULES = YES;
				CLANG_ENABLE_OBJC_ARC = YES;
				CLANG_WARN_BOOL_CONVERSION = YES;
				CLANG_WARN_CONSTANT_CONVERSION = YES;
				CLANG_WARN_DIRECT_OBJC_ISA_USAGE = YES_ERROR;
				CLANG_WARN_EMPTY_BODY = YES;
				CLANG_WARN_ENUM_CONVERSION = YES;
				CLANG_WARN_INT_CONVERSION = YES;
				CLANG_WARN_OBJC_ROOT_CLASS = YES_ERROR;
				CLANG_WARN_UNREACHABLE_CODE = YES;
				CLANG_WARN__DUPLICATE_METHOD_MATCH = YES;
				"CODE_SIGN_IDENTITY[sdk=iphoneos*]" = "iPhone Developer";
				COPY_PHASE_STRIP = NO;
				DEBUG_INFORMATION_FORMAT = dwarf;
				ENABLE_STRICT_OBJC_MSGSEND = YES;
				ENABLE_TESTABILITY = YES;
				GCC_C_LANGUAGE_STANDARD = gnu99;
				GCC_DYNAMIC_NO_PIC = NO;
				GCC_NO_COMMON_BLOCKS = YES;
				GCC_OPTIMIZATION_LEVEL = 0;
				GCC_PREPROCESSOR_DEFINITIONS = (
					"DEBUG=1",
					"$(inherited)",
				);
				GCC_WARN_64_TO_32_BIT_CONVERSION = YES;
				GCC_WARN_ABOUT_RETURN_TYPE = YES_ERROR;
				GCC_WARN_UNDECLARED_SELECTOR = YES;
				GCC_WARN_UNINITIALIZED_AUTOS = YES_AGGRESSIVE;
				GCC_WARN_UNUSED_FUNCTION = YES;
				GCC_WARN_UNUSED_VARIABLE = YES;
				IPHONEOS_DEPLOYMENT_TARGET = 9.3;
				MTL_ENABLE_DEBUG_INFO = YES;
				ONLY_ACTIVE_ARCH = YES;
				SDKROOT = iphoneos;
				SWIFT_OPTIMIZATION_LEVEL = "-Onone";
			};
			name = Debug;
		};
		DE692D3D1D71AA540070B45E /* Release */ = {
			isa = XCBuildConfiguration;
			buildSettings = {
				ALWAYS_SEARCH_USER_PATHS = NO;
				CLANG_ANALYZER_NONNULL = YES;
				CLANG_CXX_LANGUAGE_STANDARD = "gnu++0x";
				CLANG_CXX_LIBRARY = "libc++";
				CLANG_ENABLE_MODULES = YES;
				CLANG_ENABLE_OBJC_ARC = YES;
				CLANG_WARN_BOOL_CONVERSION = YES;
				CLANG_WARN_CONSTANT_CONVERSION = YES;
				CLANG_WARN_DIRECT_OBJC_ISA_USAGE = YES_ERROR;
				CLANG_WARN_EMPTY_BODY = YES;
				CLANG_WARN_ENUM_CONVERSION = YES;
				CLANG_WARN_INT_CONVERSION = YES;
				CLANG_WARN_OBJC_ROOT_CLASS = YES_ERROR;
				CLANG_WARN_UNREACHABLE_CODE = YES;
				CLANG_WARN__DUPLICATE_METHOD_MATCH = YES;
				"CODE_SIGN_IDENTITY[sdk=iphoneos*]" = "iPhone Developer";
				COPY_PHASE_STRIP = NO;
				DEBUG_INFORMATION_FORMAT = "dwarf-with-dsym";
				ENABLE_NS_ASSERTIONS = NO;
				ENABLE_STRICT_OBJC_MSGSEND = YES;
				GCC_C_LANGUAGE_STANDARD = gnu99;
				GCC_NO_COMMON_BLOCKS = YES;
				GCC_WARN_64_TO_32_BIT_CONVERSION = YES;
				GCC_WARN_ABOUT_RETURN_TYPE = YES_ERROR;
				GCC_WARN_UNDECLARED_SELECTOR = YES;
				GCC_WARN_UNINITIALIZED_AUTOS = YES_AGGRESSIVE;
				GCC_WARN_UNUSED_FUNCTION = YES;
				GCC_WARN_UNUSED_VARIABLE = YES;
				IPHONEOS_DEPLOYMENT_TARGET = 9.3;
				MTL_ENABLE_DEBUG_INFO = NO;
				SDKROOT = iphoneos;
				VALIDATE_PRODUCT = YES;
			};
			name = Release;
		};
		DE692D3F1D71AA540070B45E /* Debug */ = {
			isa = XCBuildConfiguration;
			buildSettings = {
				ASSETCATALOG_COMPILER_APPICON_NAME = AppIcon;
				CLANG_ENABLE_MODULES = YES;
				INFOPLIST_FILE = Memolist/Info.plist;
				IPHONEOS_DEPLOYMENT_TARGET = 8.0;
				LD_RUNPATH_SEARCH_PATHS = "$(inherited) @executable_path/Frameworks";
				PRODUCT_BUNDLE_IDENTIFIER = HaradaTaiki.Memolist;
				PRODUCT_NAME = "$(TARGET_NAME)";
				SWIFT_OBJC_BRIDGING_HEADER = "Memolist/Memolist-Bridging-Header.h";
				SWIFT_OPTIMIZATION_LEVEL = "-Onone";
			};
			name = Debug;
		};
		DE692D401D71AA540070B45E /* Release */ = {
			isa = XCBuildConfiguration;
			buildSettings = {
				ASSETCATALOG_COMPILER_APPICON_NAME = AppIcon;
				CLANG_ENABLE_MODULES = YES;
				INFOPLIST_FILE = Memolist/Info.plist;
				IPHONEOS_DEPLOYMENT_TARGET = 8.0;
				LD_RUNPATH_SEARCH_PATHS = "$(inherited) @executable_path/Frameworks";
				PRODUCT_BUNDLE_IDENTIFIER = HaradaTaiki.Memolist;
				PRODUCT_NAME = "$(TARGET_NAME)";
				SWIFT_OBJC_BRIDGING_HEADER = "Memolist/Memolist-Bridging-Header.h";
			};
			name = Release;
		};
		DE692D421D71AA540070B45E /* Debug */ = {
			isa = XCBuildConfiguration;
			buildSettings = {
				BUNDLE_LOADER = "$(TEST_HOST)";
				INFOPLIST_FILE = MemolistTests/Info.plist;
				LD_RUNPATH_SEARCH_PATHS = "$(inherited) @executable_path/Frameworks @loader_path/Frameworks";
				PRODUCT_BUNDLE_IDENTIFIER = HaradaTaiki.MemolistTests;
				PRODUCT_NAME = "$(TARGET_NAME)";
				TEST_HOST = "$(BUILT_PRODUCTS_DIR)/Memolist.app/Memolist";
			};
			name = Debug;
		};
		DE692D431D71AA540070B45E /* Release */ = {
			isa = XCBuildConfiguration;
			buildSettings = {
				BUNDLE_LOADER = "$(TEST_HOST)";
				INFOPLIST_FILE = MemolistTests/Info.plist;
				LD_RUNPATH_SEARCH_PATHS = "$(inherited) @executable_path/Frameworks @loader_path/Frameworks";
				PRODUCT_BUNDLE_IDENTIFIER = HaradaTaiki.MemolistTests;
				PRODUCT_NAME = "$(TARGET_NAME)";
				TEST_HOST = "$(BUILT_PRODUCTS_DIR)/Memolist.app/Memolist";
			};
			name = Release;
		};
		DE692D451D71AA540070B45E /* Debug */ = {
			isa = XCBuildConfiguration;
			buildSettings = {
				INFOPLIST_FILE = MemolistUITests/Info.plist;
				LD_RUNPATH_SEARCH_PATHS = "$(inherited) @executable_path/Frameworks @loader_path/Frameworks";
				PRODUCT_BUNDLE_IDENTIFIER = HaradaTaiki.MemolistUITests;
				PRODUCT_NAME = "$(TARGET_NAME)";
				TEST_TARGET_NAME = Memolist;
			};
			name = Debug;
		};
		DE692D461D71AA540070B45E /* Release */ = {
			isa = XCBuildConfiguration;
			buildSettings = {
				INFOPLIST_FILE = MemolistUITests/Info.plist;
				LD_RUNPATH_SEARCH_PATHS = "$(inherited) @executable_path/Frameworks @loader_path/Frameworks";
				PRODUCT_BUNDLE_IDENTIFIER = HaradaTaiki.MemolistUITests;
				PRODUCT_NAME = "$(TARGET_NAME)";
				TEST_TARGET_NAME = Memolist;
			};
			name = Release;
		};
/* End XCBuildConfiguration section */

/* Begin XCConfigurationList section */
		DE692D0E1D71AA540070B45E /* Build configuration list for PBXProject "Memolist" */ = {
			isa = XCConfigurationList;
			buildConfigurations = (
				DE692D3C1D71AA540070B45E /* Debug */,
				DE692D3D1D71AA540070B45E /* Release */,
			);
			defaultConfigurationIsVisible = 0;
			defaultConfigurationName = Release;
		};
		DE692D3E1D71AA540070B45E /* Build configuration list for PBXNativeTarget "Memolist" */ = {
			isa = XCConfigurationList;
			buildConfigurations = (
				DE692D3F1D71AA540070B45E /* Debug */,
				DE692D401D71AA540070B45E /* Release */,
			);
			defaultConfigurationIsVisible = 0;
			defaultConfigurationName = Release;
		};
		DE692D411D71AA540070B45E /* Build configuration list for PBXNativeTarget "MemolistTests" */ = {
			isa = XCConfigurationList;
			buildConfigurations = (
				DE692D421D71AA540070B45E /* Debug */,
				DE692D431D71AA540070B45E /* Release */,
			);
			defaultConfigurationIsVisible = 0;
			defaultConfigurationName = Release;
		};
		DE692D441D71AA540070B45E /* Build configuration list for PBXNativeTarget "MemolistUITests" */ = {
			isa = XCConfigurationList;
			buildConfigurations = (
				DE692D451D71AA540070B45E /* Debug */,
				DE692D461D71AA540070B45E /* Release */,
			);
			defaultConfigurationIsVisible = 0;
			defaultConfigurationName = Release;
		};
/* End XCConfigurationList section */

/* Begin XCVersionGroup section */
		DE692D1D1D71AA540070B45E /* Memolist.xcdatamodeld */ = {
			isa = XCVersionGroup;
			children = (
				DE692D1E1D71AA540070B45E /* Memolist.xcdatamodel */,
			);
			currentVersion = DE692D1E1D71AA540070B45E /* Memolist.xcdatamodel */;
			path = Memolist.xcdatamodeld;
			sourceTree = "<group>";
			versionGroupType = wrapper.xcdatamodel;
		};
/* End XCVersionGroup section */
	};
	rootObject = DE692D0B1D71AA540070B45E /* Project object */;
}
